// !$*UTF8*$!
{
	archiveVersion = 1;
	classes = {
	};
	objectVersion = 50;
	objects = {

/* Begin PBXBuildFile section */
		220A2537215959270027E2EC /* SelectedBandDetailsViewController.swift in Sources */ = {isa = PBXBuildFile; fileRef = 220A2536215959270027E2EC /* SelectedBandDetailsViewController.swift */; };
		22383B90214ABFDF00CAC7BF /* AppDelegate.swift in Sources */ = {isa = PBXBuildFile; fileRef = 22383B8F214ABFDF00CAC7BF /* AppDelegate.swift */; };
		22383B92214ABFDF00CAC7BF /* ViewController.swift in Sources */ = {isa = PBXBuildFile; fileRef = 22383B91214ABFDF00CAC7BF /* ViewController.swift */; };
		22383B95214ABFDF00CAC7BF /* Main.storyboard in Resources */ = {isa = PBXBuildFile; fileRef = 22383B93214ABFDF00CAC7BF /* Main.storyboard */; };
		22383B97214ABFE200CAC7BF /* Assets.xcassets in Resources */ = {isa = PBXBuildFile; fileRef = 22383B96214ABFE200CAC7BF /* Assets.xcassets */; };
		22383B9A214ABFE200CAC7BF /* LaunchScreen.storyboard in Resources */ = {isa = PBXBuildFile; fileRef = 22383B98214ABFE200CAC7BF /* LaunchScreen.storyboard */; };
		22383BA4214ACEE000CAC7BF /* BandViewController.swift in Sources */ = {isa = PBXBuildFile; fileRef = 22383BA3214ACEE000CAC7BF /* BandViewController.swift */; };
		22383BA6214AD43B00CAC7BF /* ShowsViewController.swift in Sources */ = {isa = PBXBuildFile; fileRef = 22383BA5214AD43A00CAC7BF /* ShowsViewController.swift */; };
		22383BA8214B056900CAC7BF /* PromoterViewController.swift in Sources */ = {isa = PBXBuildFile; fileRef = 22383BA7214B056900CAC7BF /* PromoterViewController.swift */; };
		22383BAA21554DD700CAC7BF /* BandCell.swift in Sources */ = {isa = PBXBuildFile; fileRef = 22383BA921554DD700CAC7BF /* BandCell.swift */; };
		22383BAC21554F7700CAC7BF /* BandObject.swift in Sources */ = {isa = PBXBuildFile; fileRef = 22383BAB21554F7700CAC7BF /* BandObject.swift */; };
		22383BAE2155639400CAC7BF /* SelectedBandViewController.swift in Sources */ = {isa = PBXBuildFile; fileRef = 22383BAD2155639400CAC7BF /* SelectedBandViewController.swift */; };
		A55D7EA571B2106ACE21D46D /* Pods_Book_My_Band.framework in Frameworks */ = {isa = PBXBuildFile; fileRef = EAFDCCF5951CD49892FD046B /* Pods_Book_My_Band.framework */; };
/* End PBXBuildFile section */

/* Begin PBXFileReference section */
		220A2536215959270027E2EC /* SelectedBandDetailsViewController.swift */ = {isa = PBXFileReference; lastKnownFileType = sourcecode.swift; path = SelectedBandDetailsViewController.swift; sourceTree = "<group>"; };
		22383B8C214ABFDF00CAC7BF /* Book My Band.app */ = {isa = PBXFileReference; explicitFileType = wrapper.application; includeInIndex = 0; path = "Book My Band.app"; sourceTree = BUILT_PRODUCTS_DIR; };
		22383B8F214ABFDF00CAC7BF /* AppDelegate.swift */ = {isa = PBXFileReference; lastKnownFileType = sourcecode.swift; path = AppDelegate.swift; sourceTree = "<group>"; };
		22383B91214ABFDF00CAC7BF /* ViewController.swift */ = {isa = PBXFileReference; lastKnownFileType = sourcecode.swift; path = ViewController.swift; sourceTree = "<group>"; };
		22383B94214ABFDF00CAC7BF /* Base */ = {isa = PBXFileReference; lastKnownFileType = file.storyboard; name = Base; path = Base.lproj/Main.storyboard; sourceTree = "<group>"; };
		22383B96214ABFE200CAC7BF /* Assets.xcassets */ = {isa = PBXFileReference; lastKnownFileType = folder.assetcatalog; path = Assets.xcassets; sourceTree = "<group>"; };
		22383B99214ABFE200CAC7BF /* Base */ = {isa = PBXFileReference; lastKnownFileType = file.storyboard; name = Base; path = Base.lproj/LaunchScreen.storyboard; sourceTree = "<group>"; };
		22383B9B214ABFE200CAC7BF /* Info.plist */ = {isa = PBXFileReference; lastKnownFileType = text.plist.xml; path = Info.plist; sourceTree = "<group>"; };
		22383BA3214ACEE000CAC7BF /* BandViewController.swift */ = {isa = PBXFileReference; lastKnownFileType = sourcecode.swift; path = BandViewController.swift; sourceTree = "<group>"; };
		22383BA5214AD43A00CAC7BF /* ShowsViewController.swift */ = {isa = PBXFileReference; lastKnownFileType = sourcecode.swift; path = ShowsViewController.swift; sourceTree = "<group>"; };
		22383BA7214B056900CAC7BF /* PromoterViewController.swift */ = {isa = PBXFileReference; lastKnownFileType = sourcecode.swift; name = PromoterViewController.swift; path = Assets.xcassets/PromoterViewController.swift; sourceTree = "<group>"; };
		22383BA921554DD700CAC7BF /* BandCell.swift */ = {isa = PBXFileReference; lastKnownFileType = sourcecode.swift; path = BandCell.swift; sourceTree = "<group>"; };
		22383BAB21554F7700CAC7BF /* BandObject.swift */ = {isa = PBXFileReference; lastKnownFileType = sourcecode.swift; path = BandObject.swift; sourceTree = "<group>"; };
		22383BAD2155639400CAC7BF /* SelectedBandViewController.swift */ = {isa = PBXFileReference; lastKnownFileType = sourcecode.swift; path = SelectedBandViewController.swift; sourceTree = "<group>"; };
		8474EE2DCB56F7A13FBA1502 /* Pods-Book My Band.debug.xcconfig */ = {isa = PBXFileReference; includeInIndex = 1; lastKnownFileType = text.xcconfig; name = "Pods-Book My Band.debug.xcconfig"; path = "Pods/Target Support Files/Pods-Book My Band/Pods-Book My Band.debug.xcconfig"; sourceTree = "<group>"; };
		DF1B7C18F5B869B252582ACB /* Pods-Book My Band.release.xcconfig */ = {isa = PBXFileReference; includeInIndex = 1; lastKnownFileType = text.xcconfig; name = "Pods-Book My Band.release.xcconfig"; path = "Pods/Target Support Files/Pods-Book My Band/Pods-Book My Band.release.xcconfig"; sourceTree = "<group>"; };
		EAFDCCF5951CD49892FD046B /* Pods_Book_My_Band.framework */ = {isa = PBXFileReference; explicitFileType = wrapper.framework; includeInIndex = 0; path = Pods_Book_My_Band.framework; sourceTree = BUILT_PRODUCTS_DIR; };
/* End PBXFileReference section */

/* Begin PBXFrameworksBuildPhase section */
		22383B89214ABFDF00CAC7BF /* Frameworks */ = {
			isa = PBXFrameworksBuildPhase;
			buildActionMask = 2147483647;
			files = (
				A55D7EA571B2106ACE21D46D /* Pods_Book_My_Band.framework in Frameworks */,
			);
			runOnlyForDeploymentPostprocessing = 0;
		};
/* End PBXFrameworksBuildPhase section */

/* Begin PBXGroup section */
		22383B83214ABFDF00CAC7BF = {
			isa = PBXGroup;
			children = (
				22383B8E214ABFDF00CAC7BF /* Book My Band */,
				22383B8D214ABFDF00CAC7BF /* Products */,
				959D077424F8AE50C855C45B /* Pods */,
				4CCCBEC20F7D848FE5A74ED5 /* Frameworks */,
			);
			sourceTree = "<group>";
		};
		22383B8D214ABFDF00CAC7BF /* Products */ = {
			isa = PBXGroup;
			children = (
				22383B8C214ABFDF00CAC7BF /* Book My Band.app */,
			);
			name = Products;
			sourceTree = "<group>";
		};
		22383B8E214ABFDF00CAC7BF /* Book My Band */ = {
			isa = PBXGroup;
			children = (
				22383B8F214ABFDF00CAC7BF /* AppDelegate.swift */,
				22383B91214ABFDF00CAC7BF /* ViewController.swift */,
				22383BA3214ACEE000CAC7BF /* BandViewController.swift */,
				22383BA7214B056900CAC7BF /* PromoterViewController.swift */,
				22383BA5214AD43A00CAC7BF /* ShowsViewController.swift */,
				22383BAD2155639400CAC7BF /* SelectedBandViewController.swift */,
				220A2536215959270027E2EC /* SelectedBandDetailsViewController.swift */,
				22383BAB21554F7700CAC7BF /* BandObject.swift */,
				22383BA921554DD700CAC7BF /* BandCell.swift */,
				22383B93214ABFDF00CAC7BF /* Main.storyboard */,
				22383B96214ABFE200CAC7BF /* Assets.xcassets */,
				22383B98214ABFE200CAC7BF /* LaunchScreen.storyboard */,
				22383B9B214ABFE200CAC7BF /* Info.plist */,
			);
			path = "Book My Band";
			sourceTree = "<group>";
		};
		4CCCBEC20F7D848FE5A74ED5 /* Frameworks */ = {
			isa = PBXGroup;
			children = (
				EAFDCCF5951CD49892FD046B /* Pods_Book_My_Band.framework */,
			);
			name = Frameworks;
			sourceTree = "<group>";
		};
		959D077424F8AE50C855C45B /* Pods */ = {
			isa = PBXGroup;
			children = (
				8474EE2DCB56F7A13FBA1502 /* Pods-Book My Band.debug.xcconfig */,
				DF1B7C18F5B869B252582ACB /* Pods-Book My Band.release.xcconfig */,
			);
			name = Pods;
			sourceTree = "<group>";
		};
/* End PBXGroup section */

/* Begin PBXNativeTarget section */
		22383B8B214ABFDF00CAC7BF /* Book My Band */ = {
			isa = PBXNativeTarget;
			buildConfigurationList = 22383B9E214ABFE200CAC7BF /* Build configuration list for PBXNativeTarget "Book My Band" */;
			buildPhases = (
				714EF14E98AFB86C308AA529 /* [CP] Check Pods Manifest.lock */,
				22383B88214ABFDF00CAC7BF /* Sources */,
				22383B89214ABFDF00CAC7BF /* Frameworks */,
				22383B8A214ABFDF00CAC7BF /* Resources */,
				BA4B61AE0214C0AA428B1C74 /* [CP] Copy Pods Resources */,
				21AE10C191F922D5A1D81448 /* [CP] Embed Pods Frameworks */,
			);
			buildRules = (
			);
			dependencies = (
			);
			name = "Book My Band";
			productName = "Book My Band";
			productReference = 22383B8C214ABFDF00CAC7BF /* Book My Band.app */;
			productType = "com.apple.product-type.application";
		};
/* End PBXNativeTarget section */

/* Begin PBXProject section */
		22383B84214ABFDF00CAC7BF /* Project object */ = {
			isa = PBXProject;
			attributes = {
				LastSwiftUpdateCheck = 0940;
				LastUpgradeCheck = 0940;
				ORGANIZATIONNAME = "Matt Huston";
				TargetAttributes = {
					22383B8B214ABFDF00CAC7BF = {
						CreatedOnToolsVersion = 9.4.1;
					};
				};
			};
			buildConfigurationList = 22383B87214ABFDF00CAC7BF /* Build configuration list for PBXProject "Book My Band" */;
			compatibilityVersion = "Xcode 9.3";
			developmentRegion = en;
			hasScannedForEncodings = 0;
			knownRegions = (
				en,
				Base,
			);
			mainGroup = 22383B83214ABFDF00CAC7BF;
			productRefGroup = 22383B8D214ABFDF00CAC7BF /* Products */;
			projectDirPath = "";
			projectRoot = "";
			targets = (
				22383B8B214ABFDF00CAC7BF /* Book My Band */,
			);
		};
/* End PBXProject section */

/* Begin PBXResourcesBuildPhase section */
		22383B8A214ABFDF00CAC7BF /* Resources */ = {
			isa = PBXResourcesBuildPhase;
			buildActionMask = 2147483647;
			files = (
				22383B9A214ABFE200CAC7BF /* LaunchScreen.storyboard in Resources */,
				22383B97214ABFE200CAC7BF /* Assets.xcassets in Resources */,
				22383B95214ABFDF00CAC7BF /* Main.storyboard in Resources */,
			);
			runOnlyForDeploymentPostprocessing = 0;
		};
/* End PBXResourcesBuildPhase section */

/* Begin PBXShellScriptBuildPhase section */
		21AE10C191F922D5A1D81448 /* [CP] Embed Pods Frameworks */ = {
			isa = PBXShellScriptBuildPhase;
			buildActionMask = 2147483647;
			files = (
			);
			inputPaths = (
				"${SRCROOT}/Pods/Target Support Files/Pods-Book My Band/Pods-Book My Band-frameworks.sh",
				"${BUILT_PRODUCTS_DIR}/Alamofire/Alamofire.framework",
				"${BUILT_PRODUCTS_DIR}/IQKeyboardManagerSwift/IQKeyboardManagerSwift.framework",
				"${BUILT_PRODUCTS_DIR}/SwiftyJSON/SwiftyJSON.framework",
			);
			name = "[CP] Embed Pods Frameworks";
			outputPaths = (
				"${TARGET_BUILD_DIR}/${FRAMEWORKS_FOLDER_PATH}/Alamofire.framework",
				"${TARGET_BUILD_DIR}/${FRAMEWORKS_FOLDER_PATH}/IQKeyboardManagerSwift.framework",
				"${TARGET_BUILD_DIR}/${FRAMEWORKS_FOLDER_PATH}/SwiftyJSON.framework",
			);
			runOnlyForDeploymentPostprocessing = 0;
			shellPath = /bin/sh;
			shellScript = "\"${SRCROOT}/Pods/Target Support Files/Pods-Book My Band/Pods-Book My Band-frameworks.sh\"\n";
			showEnvVarsInLog = 0;
		};
		714EF14E98AFB86C308AA529 /* [CP] Check Pods Manifest.lock */ = {
			isa = PBXShellScriptBuildPhase;
			buildActionMask = 2147483647;
			files = (
			);
			inputPaths = (
				"${PODS_PODFILE_DIR_PATH}/Podfile.lock",
				"${PODS_ROOT}/Manifest.lock",
			);
			name = "[CP] Check Pods Manifest.lock";
			outputPaths = (
				"$(DERIVED_FILE_DIR)/Pods-Book My Band-checkManifestLockResult.txt",
			);
			runOnlyForDeploymentPostprocessing = 0;
			shellPath = /bin/sh;
			shellScript = "diff \"${PODS_PODFILE_DIR_PATH}/Podfile.lock\" \"${PODS_ROOT}/Manifest.lock\" > /dev/null\nif [ $? != 0 ] ; then\n    # print error to STDERR\n    echo \"error: The sandbox is not in sync with the Podfile.lock. Run 'pod install' or update your CocoaPods installation.\" >&2\n    exit 1\nfi\n# This output is used by Xcode 'outputs' to avoid re-running this script phase.\necho \"SUCCESS\" > \"${SCRIPT_OUTPUT_FILE_0}\"\n";
			showEnvVarsInLog = 0;
		};
		BA4B61AE0214C0AA428B1C74 /* [CP] Copy Pods Resources */ = {
			isa = PBXShellScriptBuildPhase;
			buildActionMask = 2147483647;
			files = (
			);
			inputPaths = (
				"${SRCROOT}/Pods/Target Support Files/Pods-Book My Band/Pods-Book My Band-resources.sh",
				"${PODS_ROOT}/GooglePlaces/Frameworks/GooglePlaces.framework/Resources/GooglePlaces.bundle",
			);
			name = "[CP] Copy Pods Resources";
			outputPaths = (
				"${TARGET_BUILD_DIR}/${UNLOCALIZED_RESOURCES_FOLDER_PATH}/GooglePlaces.bundle",
			);
			runOnlyForDeploymentPostprocessing = 0;
			shellPath = /bin/sh;
			shellScript = "\"${SRCROOT}/Pods/Target Support Files/Pods-Book My Band/Pods-Book My Band-resources.sh\"\n";
			showEnvVarsInLog = 0;
		};
/* End PBXShellScriptBuildPhase section */

/* Begin PBXSourcesBuildPhase section */
		22383B88214ABFDF00CAC7BF /* Sources */ = {
			isa = PBXSourcesBuildPhase;
			buildActionMask = 2147483647;
			files = (
				22383BAE2155639400CAC7BF /* SelectedBandViewController.swift in Sources */,
				220A2537215959270027E2EC /* SelectedBandDetailsViewController.swift in Sources */,
				22383BAA21554DD700CAC7BF /* BandCell.swift in Sources */,
				22383BA4214ACEE000CAC7BF /* BandViewController.swift in Sources */,
				22383BAC21554F7700CAC7BF /* BandObject.swift in Sources */,
				22383B92214ABFDF00CAC7BF /* ViewController.swift in Sources */,
				22383B90214ABFDF00CAC7BF /* AppDelegate.swift in Sources */,
				22383BA8214B056900CAC7BF /* PromoterViewController.swift in Sources */,
				22383BA6214AD43B00CAC7BF /* ShowsViewController.swift in Sources */,
			);
			runOnlyForDeploymentPostprocessing = 0;
		};
/* End PBXSourcesBuildPhase section */

/* Begin PBXVariantGroup section */
		22383B93214ABFDF00CAC7BF /* Main.storyboard */ = {
			isa = PBXVariantGroup;
			children = (
				22383B94214ABFDF00CAC7BF /* Base */,
			);
			name = Main.storyboard;
			sourceTree = "<group>";
		};
		22383B98214ABFE200CAC7BF /* LaunchScreen.storyboard */ = {
			isa = PBXVariantGroup;
			children = (
				22383B99214ABFE200CAC7BF /* Base */,
			);
			name = LaunchScreen.storyboard;
			sourceTree = "<group>";
		};
/* End PBXVariantGroup section */

/* Begin XCBuildConfiguration section */
		22383B9C214ABFE200CAC7BF /* Debug */ = {
			isa = XCBuildConfiguration;
			buildSettings = {
				ALWAYS_SEARCH_USER_PATHS = NO;
				CLANG_ANALYZER_NONNULL = YES;
				CLANG_ANALYZER_NUMBER_OBJECT_CONVERSION = YES_AGGRESSIVE;
				CLANG_CXX_LANGUAGE_STANDARD = "gnu++14";
				CLANG_CXX_LIBRARY = "libc++";
				CLANG_ENABLE_MODULES = YES;
				CLANG_ENABLE_OBJC_ARC = YES;
				CLANG_ENABLE_OBJC_WEAK = YES;
				CLANG_WARN_BLOCK_CAPTURE_AUTORELEASING = YES;
				CLANG_WARN_BOOL_CONVERSION = YES;
				CLANG_WARN_COMMA = YES;
				CLANG_WARN_CONSTANT_CONVERSION = YES;
				CLANG_WARN_DEPRECATED_OBJC_IMPLEMENTATIONS = YES;
				CLANG_WARN_DIRECT_OBJC_ISA_USAGE = YES_ERROR;
				CLANG_WARN_DOCUMENTATION_COMMENTS = YES;
				CLANG_WARN_EMPTY_BODY = YES;
				CLANG_WARN_ENUM_CONVERSION = YES;
				CLANG_WARN_INFINITE_RECURSION = YES;
				CLANG_WARN_INT_CONVERSION = YES;
				CLANG_WARN_NON_LITERAL_NULL_CONVERSION = YES;
				CLANG_WARN_OBJC_IMPLICIT_RETAIN_SELF = YES;
				CLANG_WARN_OBJC_LITERAL_CONVERSION = YES;
				CLANG_WARN_OBJC_ROOT_CLASS = YES_ERROR;
				CLANG_WARN_RANGE_LOOP_ANALYSIS = YES;
				CLANG_WARN_STRICT_PROTOTYPES = YES;
				CLANG_WARN_SUSPICIOUS_MOVE = YES;
				CLANG_WARN_UNGUARDED_AVAILABILITY = YES_AGGRESSIVE;
				CLANG_WARN_UNREACHABLE_CODE = YES;
				CLANG_WARN__DUPLICATE_METHOD_MATCH = YES;
				CODE_SIGN_IDENTITY = "iPhone Developer";
				COPY_PHASE_STRIP = NO;
				DEBUG_INFORMATION_FORMAT = dwarf;
				ENABLE_STRICT_OBJC_MSGSEND = YES;
				ENABLE_TESTABILITY = YES;
				GCC_C_LANGUAGE_STANDARD = gnu11;
				GCC_DYNAMIC_NO_PIC = NO;
				GCC_NO_COMMON_BLOCKS = YES;
				GCC_OPTIMIZATION_LEVEL = 0;
				GCC_PREPROCESSOR_DEFINITIONS = (
					"DEBUG=1",
					"$(inherited)",
				);
				GCC_WARN_64_TO_32_BIT_CONVERSION = YES;
				GCC_WARN_ABOUT_RETURN_TYPE = YES_ERROR;
				GCC_WARN_UNDECLARED_SELECTOR = YES;
				GCC_WARN_UNINITIALIZED_AUTOS = YES_AGGRESSIVE;
				GCC_WARN_UNUSED_FUNCTION = YES;
				GCC_WARN_UNUSED_VARIABLE = YES;
				IPHONEOS_DEPLOYMENT_TARGET = 11.4;
				MTL_ENABLE_DEBUG_INFO = YES;
				ONLY_ACTIVE_ARCH = YES;
				SDKROOT = iphoneos;
				SWIFT_ACTIVE_COMPILATION_CONDITIONS = DEBUG;
				SWIFT_OPTIMIZATION_LEVEL = "-Onone";
			};
			name = Debug;
		};
		22383B9D214ABFE200CAC7BF /* Release */ = {
			isa = XCBuildConfiguration;
			buildSettings = {
				ALWAYS_SEARCH_USER_PATHS = NO;
				CLANG_ANALYZER_NONNULL = YES;
				CLANG_ANALYZER_NUMBER_OBJECT_CONVERSION = YES_AGGRESSIVE;
				CLANG_CXX_LANGUAGE_STANDARD = "gnu++14";
				CLANG_CXX_LIBRARY = "libc++";
				CLANG_ENABLE_MODULES = YES;
				CLANG_ENABLE_OBJC_ARC = YES;
				CLANG_ENABLE_OBJC_WEAK = YES;
				CLANG_WARN_BLOCK_CAPTURE_AUTORELEASING = YES;
				CLANG_WARN_BOOL_CONVERSION = YES;
				CLANG_WARN_COMMA = YES;
				CLANG_WARN_CONSTANT_CONVERSION = YES;
				CLANG_WARN_DEPRECATED_OBJC_IMPLEMENTATIONS = YES;
				CLANG_WARN_DIRECT_OBJC_ISA_USAGE = YES_ERROR;
				CLANG_WARN_DOCUMENTATION_COMMENTS = YES;
				CLANG_WARN_EMPTY_BODY = YES;
				CLANG_WARN_ENUM_CONVERSION = YES;
				CLANG_WARN_INFINITE_RECURSION = YES;
				CLANG_WARN_INT_CONVERSION = YES;
				CLANG_WARN_NON_LITERAL_NULL_CONVERSION = YES;
				CLANG_WARN_OBJC_IMPLICIT_RETAIN_SELF = YES;
				CLANG_WARN_OBJC_LITERAL_CONVERSION = YES;
				CLANG_WARN_OBJC_ROOT_CLASS = YES_ERROR;
				CLANG_WARN_RANGE_LOOP_ANALYSIS = YES;
				CLANG_WARN_STRICT_PROTOTYPES = YES;
				CLANG_WARN_SUSPICIOUS_MOVE = YES;
				CLANG_WARN_UNGUARDED_AVAILABILITY = YES_AGGRESSIVE;
				CLANG_WARN_UNREACHABLE_CODE = YES;
				CLANG_WARN__DUPLICATE_METHOD_MATCH = YES;
				CODE_SIGN_IDENTITY = "iPhone Developer";
				COPY_PHASE_STRIP = NO;
				DEBUG_INFORMATION_FORMAT = "dwarf-with-dsym";
				ENABLE_NS_ASSERTIONS = NO;
				ENABLE_STRICT_OBJC_MSGSEND = YES;
				GCC_C_LANGUAGE_STANDARD = gnu11;
				GCC_NO_COMMON_BLOCKS = YES;
				GCC_WARN_64_TO_32_BIT_CONVERSION = YES;
				GCC_WARN_ABOUT_RETURN_TYPE = YES_ERROR;
				GCC_WARN_UNDECLARED_SELECTOR = YES;
				GCC_WARN_UNINITIALIZED_AUTOS = YES_AGGRESSIVE;
				GCC_WARN_UNUSED_FUNCTION = YES;
				GCC_WARN_UNUSED_VARIABLE = YES;
				IPHONEOS_DEPLOYMENT_TARGET = 11.4;
				MTL_ENABLE_DEBUG_INFO = NO;
				SDKROOT = iphoneos;
				SWIFT_COMPILATION_MODE = wholemodule;
				SWIFT_OPTIMIZATION_LEVEL = "-O";
				VALIDATE_PRODUCT = YES;
			};
			name = Release;
		};
		22383B9F214ABFE200CAC7BF /* Debug */ = {
			isa = XCBuildConfiguration;
			baseConfigurationReference = 8474EE2DCB56F7A13FBA1502 /* Pods-Book My Band.debug.xcconfig */;
			buildSettings = {
				ASSETCATALOG_COMPILER_APPICON_NAME = AppIcon;
				CODE_SIGN_STYLE = Automatic;
				DEVELOPMENT_TEAM = WNX27CFG5N;
				INFOPLIST_FILE = "Book My Band/Info.plist";
				LD_RUNPATH_SEARCH_PATHS = (
					"$(inherited)",
					"@executable_path/Frameworks",
				);
				PRODUCT_BUNDLE_IDENTIFIER = "MattHuston.Book-My-Band";
				PRODUCT_NAME = "$(TARGET_NAME)";
				SWIFT_VERSION = 4.0;
				TARGETED_DEVICE_FAMILY = "1,2";
			};
			name = Debug;
		};
		22383BA0214ABFE200CAC7BF /* Release */ = {
			isa = XCBuildConfiguration;
			baseConfigurationReference = DF1B7C18F5B869B252582ACB /* Pods-Book My Band.release.xcconfig */;
			buildSettings = {
				ASSETCATALOG_COMPILER_APPICON_NAME = AppIcon;
				CODE_SIGN_STYLE = Automatic;
				DEVELOPMENT_TEAM = WNX27CFG5N;
				INFOPLIST_FILE = "Book My Band/Info.plist";
				LD_RUNPATH_SEARCH_PATHS = (
					"$(inherited)",
					"@executable_path/Frameworks",
				);
				PRODUCT_BUNDLE_IDENTIFIER = "MattHuston.Book-My-Band";
				PRODUCT_NAME = "$(TARGET_NAME)";
				SWIFT_VERSION = 4.0;
				TARGETED_DEVICE_FAMILY = "1,2";
			};
			name = Release;
		};
/* End XCBuildConfiguration section */

/* Begin XCConfigurationList section */
		22383B87214ABFDF00CAC7BF /* Build configuration list for PBXProject "Book My Band" */ = {
			isa = XCConfigurationList;
			buildConfigurations = (
				22383B9C214ABFE200CAC7BF /* Debug */,
				22383B9D214ABFE200CAC7BF /* Release */,
			);
			defaultConfigurationIsVisible = 0;
			defaultConfigurationName = Release;
		};
		22383B9E214ABFE200CAC7BF /* Build configuration list for PBXNativeTarget "Book My Band" */ = {
			isa = XCConfigurationList;
			buildConfigurations = (
				22383B9F214ABFE200CAC7BF /* Debug */,
				22383BA0214ABFE200CAC7BF /* Release */,
			);
			defaultConfigurationIsVisible = 0;
			defaultConfigurationName = Release;
		};
/* End XCConfigurationList section */
	};
	rootObject = 22383B84214ABFDF00CAC7BF /* Project object */;
}
